
Microsoft Visual Studio Solution File, Format Version 12.00
# Visual Studio 14
VisualStudioVersion = 14.0.25123.0
MinimumVisualStudioVersion = 10.0.40219.1
Project("{FAE04EC0-301F-11D3-BF4B-00C04F79EFBC}") = "Mine.NET", "Mine.NET\Mine.NET.csproj", "{678FFC1F-3283-4A85-97CA-10997063FEE0}"
EndProject
Project("{FAE04EC0-301F-11D3-BF4B-00C04F79EFBC}") = "BuildTools", "BuildTools\BuildTools.csproj", "{95B31CB3-1586-4A87-9608-A5F8D70648C1}"
	ProjectSection(ProjectDependencies) = postProject
		{91E98035-4805-4F55-84AB-AB6E00BBC526} = {91E98035-4805-4F55-84AB-AB6E00BBC526}
	EndProjectSection
EndProject
Project("{FAE04EC0-301F-11D3-BF4B-00C04F79EFBC}") = "SharpDiff", "..\..\..\Downloads\sharpdiff-master\src\SharpDiff\SharpDiff.csproj", "{91E98035-4805-4F55-84AB-AB6E00BBC526}"
EndProject
Global
	GlobalSection(SolutionConfigurationPlatforms) = preSolution
		.NET 3.5 Debug|Any CPU = .NET 3.5 Debug|Any CPU
		Debug EngineOnly|Any CPU = Debug EngineOnly|Any CPU
		Debug JustAssembly|Any CPU = Debug JustAssembly|Any CPU
		Debug|Any CPU = Debug|Any CPU
		NET3.5 Release Server EngineOnly|Any CPU = NET3.5 Release Server EngineOnly|Any CPU
		Release EngineOnly|Any CPU = Release EngineOnly|Any CPU
		Release JustAssembly|Any CPU = Release JustAssembly|Any CPU
		Release Server EngineOnly|Any CPU = Release Server EngineOnly|Any CPU
		Release Server JustAssembly|Any CPU = Release Server JustAssembly|Any CPU
		Release|Any CPU = Release|Any CPU
	EndGlobalSection
	GlobalSection(ProjectConfigurationPlatforms) = postSolution
		{678FFC1F-3283-4A85-97CA-10997063FEE0}..NET 3.5 Debug|Any CPU.ActiveCfg = Debug|Any CPU
		{678FFC1F-3283-4A85-97CA-10997063FEE0}.Debug EngineOnly|Any CPU.ActiveCfg = Debug|Any CPU
		{678FFC1F-3283-4A85-97CA-10997063FEE0}.Debug JustAssembly|Any CPU.ActiveCfg = Debug|Any CPU
		{678FFC1F-3283-4A85-97CA-10997063FEE0}.Debug|Any CPU.ActiveCfg = Debug|Any CPU
		{678FFC1F-3283-4A85-97CA-10997063FEE0}.Debug|Any CPU.Build.0 = Debug|Any CPU
		{678FFC1F-3283-4A85-97CA-10997063FEE0}.NET3.5 Release Server EngineOnly|Any CPU.ActiveCfg = Release|Any CPU
		{678FFC1F-3283-4A85-97CA-10997063FEE0}.Release EngineOnly|Any CPU.ActiveCfg = Release|Any CPU
		{678FFC1F-3283-4A85-97CA-10997063FEE0}.Release JustAssembly|Any CPU.ActiveCfg = Release|Any CPU
		{678FFC1F-3283-4A85-97CA-10997063FEE0}.Release Server EngineOnly|Any CPU.ActiveCfg = Release|Any CPU
		{678FFC1F-3283-4A85-97CA-10997063FEE0}.Release Server JustAssembly|Any CPU.ActiveCfg = Release|Any CPU
		{678FFC1F-3283-4A85-97CA-10997063FEE0}.Release|Any CPU.ActiveCfg = Release|Any CPU
		{678FFC1F-3283-4A85-97CA-10997063FEE0}.Release|Any CPU.Build.0 = Release|Any CPU
		{95B31CB3-1586-4A87-9608-A5F8D70648C1}..NET 3.5 Debug|Any CPU.ActiveCfg = Debug|Any CPU
		{95B31CB3-1586-4A87-9608-A5F8D70648C1}..NET 3.5 Debug|Any CPU.Build.0 = Debug|Any CPU
		{95B31CB3-1586-4A87-9608-A5F8D70648C1}.Debug EngineOnly|Any CPU.ActiveCfg = Debug|Any CPU
		{95B31CB3-1586-4A87-9608-A5F8D70648C1}.Debug EngineOnly|Any CPU.Build.0 = Debug|Any CPU
		{95B31CB3-1586-4A87-9608-A5F8D70648C1}.Debug JustAssembly|Any CPU.ActiveCfg = Debug|Any CPU
		{95B31CB3-1586-4A87-9608-A5F8D70648C1}.Debug JustAssembly|Any CPU.Build.0 = Debug|Any CPU
		{95B31CB3-1586-4A87-9608-A5F8D70648C1}.Debug|Any CPU.ActiveCfg = Debug|Any CPU
		{95B31CB3-1586-4A87-9608-A5F8D70648C1}.Debug|Any CPU.Build.0 = Debug|Any CPU
		{95B31CB3-1586-4A87-9608-A5F8D70648C1}.NET3.5 Release Server EngineOnly|Any CPU.ActiveCfg = Release|Any CPU
		{95B31CB3-1586-4A87-9608-A5F8D70648C1}.NET3.5 Release Server EngineOnly|Any CPU.Build.0 = Release|Any CPU
		{95B31CB3-1586-4A87-9608-A5F8D70648C1}.Release EngineOnly|Any CPU.ActiveCfg = Release|Any CPU
		{95B31CB3-1586-4A87-9608-A5F8D70648C1}.Release EngineOnly|Any CPU.Build.0 = Release|Any CPU
		{95B31CB3-1586-4A87-9608-A5F8D70648C1}.Release JustAssembly|Any CPU.ActiveCfg = Release|Any CPU
		{95B31CB3-1586-4A87-9608-A5F8D70648C1}.Release JustAssembly|Any CPU.Build.0 = Release|Any CPU
		{95B31CB3-1586-4A87-9608-A5F8D70648C1}.Release Server EngineOnly|Any CPU.ActiveCfg = Release|Any CPU
		{95B31CB3-1586-4A87-9608-A5F8D70648C1}.Release Server EngineOnly|Any CPU.Build.0 = Release|Any CPU
		{95B31CB3-1586-4A87-9608-A5F8D70648C1}.Release Server JustAssembly|Any CPU.ActiveCfg = Release|Any CPU
		{95B31CB3-1586-4A87-9608-A5F8D70648C1}.Release Server JustAssembly|Any CPU.Build.0 = Release|Any CPU
		{95B31CB3-1586-4A87-9608-A5F8D70648C1}.Release|Any CPU.ActiveCfg = Release|Any CPU
		{95B31CB3-1586-4A87-9608-A5F8D70648C1}.Release|Any CPU.Build.0 = Release|Any CPU
		{91E98035-4805-4F55-84AB-AB6E00BBC526}..NET 3.5 Debug|Any CPU.ActiveCfg = Debug|Any CPU
		{91E98035-4805-4F55-84AB-AB6E00BBC526}..NET 3.5 Debug|Any CPU.Build.0 = Debug|Any CPU
		{91E98035-4805-4F55-84AB-AB6E00BBC526}.Debug EngineOnly|Any CPU.ActiveCfg = Debug|Any CPU
		{91E98035-4805-4F55-84AB-AB6E00BBC526}.Debug EngineOnly|Any CPU.Build.0 = Debug|Any CPU
		{91E98035-4805-4F55-84AB-AB6E00BBC526}.Debug JustAssembly|Any CPU.ActiveCfg = Debug|Any CPU
		{91E98035-4805-4F55-84AB-AB6E00BBC526}.Debug JustAssembly|Any CPU.Build.0 = Debug|Any CPU
		{91E98035-4805-4F55-84AB-AB6E00BBC526}.Debug|Any CPU.ActiveCfg = Debug|Any CPU
		{91E98035-4805-4F55-84AB-AB6E00BBC526}.Debug|Any CPU.Build.0 = Debug|Any CPU
		{91E98035-4805-4F55-84AB-AB6E00BBC526}.NET3.5 Release Server EngineOnly|Any CPU.ActiveCfg = Release|Any CPU
		{91E98035-4805-4F55-84AB-AB6E00BBC526}.NET3.5 Release Server EngineOnly|Any CPU.Build.0 = Release|Any CPU
		{91E98035-4805-4F55-84AB-AB6E00BBC526}.Release EngineOnly|Any CPU.ActiveCfg = Release|Any CPU
		{91E98035-4805-4F55-84AB-AB6E00BBC526}.Release EngineOnly|Any CPU.Build.0 = Release|Any CPU
		{91E98035-4805-4F55-84AB-AB6E00BBC526}.Release JustAssembly|Any CPU.ActiveCfg = Release|Any CPU
		{91E98035-4805-4F55-84AB-AB6E00BBC526}.Release JustAssembly|Any CPU.Build.0 = Release|Any CPU
		{91E98035-4805-4F55-84AB-AB6E00BBC526}.Release Server EngineOnly|Any CPU.ActiveCfg = Release|Any CPU
		{91E98035-4805-4F55-84AB-AB6E00BBC526}.Release Server EngineOnly|Any CPU.Build.0 = Release|Any CPU
		{91E98035-4805-4F55-84AB-AB6E00BBC526}.Release Server JustAssembly|Any CPU.ActiveCfg = Release|Any CPU
		{91E98035-4805-4F55-84AB-AB6E00BBC526}.Release Server JustAssembly|Any CPU.Build.0 = Release|Any CPU
		{91E98035-4805-4F55-84AB-AB6E00BBC526}.Release|Any CPU.ActiveCfg = Release|Any CPU
		{91E98035-4805-4F55-84AB-AB6E00BBC526}.Release|Any CPU.Build.0 = Release|Any CPU
	EndGlobalSection
	GlobalSection(SolutionProperties) = preSolution
		HideSolutionNode = FALSE
	EndGlobalSection
EndGlobal
