
Microsoft Visual Studio Solution File, Format Version 12.00
# Visual Studio 14
VisualStudioVersion = 14.0.25123.0
MinimumVisualStudioVersion = 10.0.40219.1
Project("{FAE04EC0-301F-11D3-BF4B-00C04F79EFBC}") = "Mine.NET", "Mine.NET\Mine.NET.csproj", "{678FFC1F-3283-4A85-97CA-10997063FEE0}"
EndProject
Project("{FAE04EC0-301F-11D3-BF4B-00C04F79EFBC}") = "BuildTools", "BuildTools\BuildTools.csproj", "{95B31CB3-1586-4A87-9608-A5F8D70648C1}"
EndProject
Global
	GlobalSection(SolutionConfigurationPlatforms) = preSolution
		Debug|Any CPU = Debug|Any CPU
		Release|Any CPU = Release|Any CPU
	EndGlobalSection
	GlobalSection(ProjectConfigurationPlatforms) = postSolution
		{678FFC1F-3283-4A85-97CA-10997063FEE0}.Debug|Any CPU.ActiveCfg = Debug|Any CPU
		{678FFC1F-3283-4A85-97CA-10997063FEE0}.Debug|Any CPU.Build.0 = Debug|Any CPU
		{678FFC1F-3283-4A85-97CA-10997063FEE0}.Release|Any CPU.ActiveCfg = Release|Any CPU
		{678FFC1F-3283-4A85-97CA-10997063FEE0}.Release|Any CPU.Build.0 = Release|Any CPU
		{95B31CB3-1586-4A87-9608-A5F8D70648C1}.Debug|Any CPU.ActiveCfg = Debug|Any CPU
		{95B31CB3-1586-4A87-9608-A5F8D70648C1}.Debug|Any CPU.Build.0 = Debug|Any CPU
		{95B31CB3-1586-4A87-9608-A5F8D70648C1}.Release|Any CPU.ActiveCfg = Release|Any CPU
		{95B31CB3-1586-4A87-9608-A5F8D70648C1}.Release|Any CPU.Build.0 = Release|Any CPU
	EndGlobalSection
	GlobalSection(SolutionProperties) = preSolution
		HideSolutionNode = FALSE
	EndGlobalSection
EndGlobal
